Microsoft Visual Studio Solution File, Format Version 12.00
# Visual Studio 2012
Project("{FAE04EC0-301F-11D3-BF4B-00C04F79EFBC}") = "camjam25", "camjam25.csproj", "{80DB1A42-B18E-4746-9251-B02A4D1B2A54}"
EndProject
Global
	GlobalSection(SolutionConfigurationPlatforms) = preSolution
	Debug|Any CPU = Debug|Any CPU
	ExportDebug|Any CPU = ExportDebug|Any CPU
	ExportRelease|Any CPU = ExportRelease|Any CPU
	EndGlobalSection
	GlobalSection(ProjectConfigurationPlatforms) = postSolution
		{80DB1A42-B18E-4746-9251-B02A4D1B2A54}.Debug|Any CPU.ActiveCfg = Debug|Any CPU
		{80DB1A42-B18E-4746-9251-B02A4D1B2A54}.Debug|Any CPU.Build.0 = Debug|Any CPU
		{80DB1A42-B18E-4746-9251-B02A4D1B2A54}.ExportDebug|Any CPU.ActiveCfg = ExportDebug|Any CPU
		{80DB1A42-B18E-4746-9251-B02A4D1B2A54}.ExportDebug|Any CPU.Build.0 = ExportDebug|Any CPU
		{80DB1A42-B18E-4746-9251-B02A4D1B2A54}.ExportRelease|Any CPU.ActiveCfg = ExportRelease|Any CPU
		{80DB1A42-B18E-4746-9251-B02A4D1B2A54}.ExportRelease|Any CPU.Build.0 = ExportRelease|Any CPU
	EndGlobalSection
EndGlobal
